
Microsoft Visual Studio Solution File, Format Version 12.00
# Visual Studio 14
VisualStudioVersion = 14.0.25420.1
MinimumVisualStudioVersion = 10.0.40219.1
Project("{FAE04EC0-301F-11D3-BF4B-00C04F79EFBC}") = "CalendarApp.Web", "CalendarApp.Web\CalendarApp.Web.csproj", "{BC3FAEBD-DAC0-4842-B21E-403F45DF309A}"
EndProject
Global
	GlobalSection(SolutionConfigurationPlatforms) = preSolution
		Debug|Any CPU = Debug|Any CPU
		Release|Any CPU = Release|Any CPU
	EndGlobalSection
	GlobalSection(ProjectConfigurationPlatforms) = postSolution
		{BC3FAEBD-DAC0-4842-B21E-403F45DF309A}.Debug|Any CPU.ActiveCfg = Debug|Any CPU
		{BC3FAEBD-DAC0-4842-B21E-403F45DF309A}.Debug|Any CPU.Build.0 = Debug|Any CPU
		{BC3FAEBD-DAC0-4842-B21E-403F45DF309A}.Release|Any CPU.ActiveCfg = Release|Any CPU
		{BC3FAEBD-DAC0-4842-B21E-403F45DF309A}.Release|Any CPU.Build.0 = Release|Any CPU
	EndGlobalSection
	GlobalSection(SolutionProperties) = preSolution
		HideSolutionNode = FALSE
	EndGlobalSection
EndGlobal
